// !$*UTF8*$!
{
	archiveVersion = 1;
	classes = {
	};
	objectVersion = 46;
	objects = {

/* Begin PBXBuildFile section */
		1B59CA1B1EC27819007AC4EF /* AppDelegate.swift in Sources */ = {isa = PBXBuildFile; fileRef = 1B59CA1A1EC27819007AC4EF /* AppDelegate.swift */; };
		1B59CA1D1EC27819007AC4EF /* ViewController.swift in Sources */ = {isa = PBXBuildFile; fileRef = 1B59CA1C1EC27819007AC4EF /* ViewController.swift */; };
		1B59CA201EC27819007AC4EF /* Main.storyboard in Resources */ = {isa = PBXBuildFile; fileRef = 1B59CA1E1EC27819007AC4EF /* Main.storyboard */; };
		1B59CA231EC27819007AC4EF /* IU.xcdatamodeld in Sources */ = {isa = PBXBuildFile; fileRef = 1B59CA211EC27819007AC4EF /* IU.xcdatamodeld */; };
		1B59CA251EC27819007AC4EF /* Assets.xcassets in Resources */ = {isa = PBXBuildFile; fileRef = 1B59CA241EC27819007AC4EF /* Assets.xcassets */; };
		1B59CA281EC27819007AC4EF /* LaunchScreen.storyboard in Resources */ = {isa = PBXBuildFile; fileRef = 1B59CA261EC27819007AC4EF /* LaunchScreen.storyboard */; };
		1B59CA331EC27819007AC4EF /* IUTests.swift in Sources */ = {isa = PBXBuildFile; fileRef = 1B59CA321EC27819007AC4EF /* IUTests.swift */; };
		1B59CA3E1EC27819007AC4EF /* IUUITests.swift in Sources */ = {isa = PBXBuildFile; fileRef = 1B59CA3D1EC27819007AC4EF /* IUUITests.swift */; };
/* End PBXBuildFile section */

/* Begin PBXContainerItemProxy section */
		1B59CA2F1EC27819007AC4EF /* PBXContainerItemProxy */ = {
			isa = PBXContainerItemProxy;
			containerPortal = 1B59CA0F1EC27819007AC4EF /* Project object */;
			proxyType = 1;
			remoteGlobalIDString = 1B59CA161EC27819007AC4EF;
			remoteInfo = IU;
		};
		1B59CA3A1EC27819007AC4EF /* PBXContainerItemProxy */ = {
			isa = PBXContainerItemProxy;
			containerPortal = 1B59CA0F1EC27819007AC4EF /* Project object */;
			proxyType = 1;
			remoteGlobalIDString = 1B59CA161EC27819007AC4EF;
			remoteInfo = IU;
		};
/* End PBXContainerItemProxy section */

/* Begin PBXFileReference section */
		1B59CA171EC27819007AC4EF /* IU.app */ = {isa = PBXFileReference; explicitFileType = wrapper.application; includeInIndex = 0; path = IU.app; sourceTree = BUILT_PRODUCTS_DIR; };
		1B59CA1A1EC27819007AC4EF /* AppDelegate.swift */ = {isa = PBXFileReference; lastKnownFileType = sourcecode.swift; path = AppDelegate.swift; sourceTree = "<group>"; };
		1B59CA1C1EC27819007AC4EF /* ViewController.swift */ = {isa = PBXFileReference; lastKnownFileType = sourcecode.swift; path = ViewController.swift; sourceTree = "<group>"; };
		1B59CA1F1EC27819007AC4EF /* Base */ = {isa = PBXFileReference; lastKnownFileType = file.storyboard; name = Base; path = Base.lproj/Main.storyboard; sourceTree = "<group>"; };
		1B59CA221EC27819007AC4EF /* IU.xcdatamodel */ = {isa = PBXFileReference; lastKnownFileType = wrapper.xcdatamodel; path = IU.xcdatamodel; sourceTree = "<group>"; };
		1B59CA241EC27819007AC4EF /* Assets.xcassets */ = {isa = PBXFileReference; lastKnownFileType = folder.assetcatalog; path = Assets.xcassets; sourceTree = "<group>"; };
		1B59CA271EC27819007AC4EF /* Base */ = {isa = PBXFileReference; lastKnownFileType = file.storyboard; name = Base; path = Base.lproj/LaunchScreen.storyboard; sourceTree = "<group>"; };
		1B59CA291EC27819007AC4EF /* Info.plist */ = {isa = PBXFileReference; lastKnownFileType = text.plist.xml; path = Info.plist; sourceTree = "<group>"; };
		1B59CA2E1EC27819007AC4EF /* IUTests.xctest */ = {isa = PBXFileReference; explicitFileType = wrapper.cfbundle; includeInIndex = 0; path = IUTests.xctest; sourceTree = BUILT_PRODUCTS_DIR; };
		1B59CA321EC27819007AC4EF /* IUTests.swift */ = {isa = PBXFileReference; lastKnownFileType = sourcecode.swift; path = IUTests.swift; sourceTree = "<group>"; };
		1B59CA341EC27819007AC4EF /* Info.plist */ = {isa = PBXFileReference; lastKnownFileType = text.plist.xml; path = Info.plist; sourceTree = "<group>"; };
		1B59CA391EC27819007AC4EF /* IUUITests.xctest */ = {isa = PBXFileReference; explicitFileType = wrapper.cfbundle; includeInIndex = 0; path = IUUITests.xctest; sourceTree = BUILT_PRODUCTS_DIR; };
		1B59CA3D1EC27819007AC4EF /* IUUITests.swift */ = {isa = PBXFileReference; lastKnownFileType = sourcecode.swift; path = IUUITests.swift; sourceTree = "<group>"; };
		1B59CA3F1EC27819007AC4EF /* Info.plist */ = {isa = PBXFileReference; lastKnownFileType = text.plist.xml; path = Info.plist; sourceTree = "<group>"; };
/* End PBXFileReference section */

/* Begin PBXFrameworksBuildPhase section */
		1B59CA141EC27819007AC4EF /* Frameworks */ = {
			isa = PBXFrameworksBuildPhase;
			buildActionMask = 2147483647;
			files = (
			);
			runOnlyForDeploymentPostprocessing = 0;
		};
		1B59CA2B1EC27819007AC4EF /* Frameworks */ = {
			isa = PBXFrameworksBuildPhase;
			buildActionMask = 2147483647;
			files = (
			);
			runOnlyForDeploymentPostprocessing = 0;
		};
		1B59CA361EC27819007AC4EF /* Frameworks */ = {
			isa = PBXFrameworksBuildPhase;
			buildActionMask = 2147483647;
			files = (
			);
			runOnlyForDeploymentPostprocessing = 0;
		};
/* End PBXFrameworksBuildPhase section */

/* Begin PBXGroup section */
		1B59CA0E1EC27819007AC4EF = {
			isa = PBXGroup;
			children = (
				1B59CA191EC27819007AC4EF /* IU */,
				1B59CA311EC27819007AC4EF /* IUTests */,
				1B59CA3C1EC27819007AC4EF /* IUUITests */,
				1B59CA181EC27819007AC4EF /* Products */,
			);
			sourceTree = "<group>";
		};
		1B59CA181EC27819007AC4EF /* Products */ = {
			isa = PBXGroup;
			children = (
				1B59CA171EC27819007AC4EF /* IU.app */,
				1B59CA2E1EC27819007AC4EF /* IUTests.xctest */,
				1B59CA391EC27819007AC4EF /* IUUITests.xctest */,
			);
			name = Products;
			sourceTree = "<group>";
		};
		1B59CA191EC27819007AC4EF /* IU */ = {
			isa = PBXGroup;
			children = (
				1B59CA1A1EC27819007AC4EF /* AppDelegate.swift */,
				1B59CA1C1EC27819007AC4EF /* ViewController.swift */,
				1B59CA1E1EC27819007AC4EF /* Main.storyboard */,
				1B59CA241EC27819007AC4EF /* Assets.xcassets */,
				1B59CA261EC27819007AC4EF /* LaunchScreen.storyboard */,
				1B59CA291EC27819007AC4EF /* Info.plist */,
				1B59CA211EC27819007AC4EF /* IU.xcdatamodeld */,
			);
			path = IU;
			sourceTree = "<group>";
		};
		1B59CA311EC27819007AC4EF /* IUTests */ = {
			isa = PBXGroup;
			children = (
				1B59CA321EC27819007AC4EF /* IUTests.swift */,
				1B59CA341EC27819007AC4EF /* Info.plist */,
			);
			path = IUTests;
			sourceTree = "<group>";
		};
		1B59CA3C1EC27819007AC4EF /* IUUITests */ = {
			isa = PBXGroup;
			children = (
				1B59CA3D1EC27819007AC4EF /* IUUITests.swift */,
				1B59CA3F1EC27819007AC4EF /* Info.plist */,
			);
			path = IUUITests;
			sourceTree = "<group>";
		};
/* End PBXGroup section */

/* Begin PBXNativeTarget section */
		1B59CA161EC27819007AC4EF /* IU */ = {
			isa = PBXNativeTarget;
			buildConfigurationList = 1B59CA421EC27819007AC4EF /* Build configuration list for PBXNativeTarget "IU" */;
			buildPhases = (
				1B59CA131EC27819007AC4EF /* Sources */,
				1B59CA141EC27819007AC4EF /* Frameworks */,
				1B59CA151EC27819007AC4EF /* Resources */,
			);
			buildRules = (
			);
			dependencies = (
			);
			name = IU;
			productName = IU;
			productReference = 1B59CA171EC27819007AC4EF /* IU.app */;
			productType = "com.apple.product-type.application";
		};
		1B59CA2D1EC27819007AC4EF /* IUTests */ = {
			isa = PBXNativeTarget;
			buildConfigurationList = 1B59CA451EC27819007AC4EF /* Build configuration list for PBXNativeTarget "IUTests" */;
			buildPhases = (
				1B59CA2A1EC27819007AC4EF /* Sources */,
				1B59CA2B1EC27819007AC4EF /* Frameworks */,
				1B59CA2C1EC27819007AC4EF /* Resources */,
			);
			buildRules = (
			);
			dependencies = (
				1B59CA301EC27819007AC4EF /* PBXTargetDependency */,
			);
			name = IUTests;
			productName = IUTests;
			productReference = 1B59CA2E1EC27819007AC4EF /* IUTests.xctest */;
			productType = "com.apple.product-type.bundle.unit-test";
		};
		1B59CA381EC27819007AC4EF /* IUUITests */ = {
			isa = PBXNativeTarget;
			buildConfigurationList = 1B59CA481EC27819007AC4EF /* Build configuration list for PBXNativeTarget "IUUITests" */;
			buildPhases = (
				1B59CA351EC27819007AC4EF /* Sources */,
				1B59CA361EC27819007AC4EF /* Frameworks */,
				1B59CA371EC27819007AC4EF /* Resources */,
			);
			buildRules = (
			);
			dependencies = (
				1B59CA3B1EC27819007AC4EF /* PBXTargetDependency */,
			);
			name = IUUITests;
			productName = IUUITests;
			productReference = 1B59CA391EC27819007AC4EF /* IUUITests.xctest */;
			productType = "com.apple.product-type.bundle.ui-testing";
		};
/* End PBXNativeTarget section */

/* Begin PBXProject section */
		1B59CA0F1EC27819007AC4EF /* Project object */ = {
			isa = PBXProject;
			attributes = {
				LastSwiftUpdateCheck = 0830;
				LastUpgradeCheck = 0830;
				ORGANIZATIONNAME = "ZHIXUAN YU";
				TargetAttributes = {
					1B59CA161EC27819007AC4EF = {
						CreatedOnToolsVersion = 8.3.2;
						DevelopmentTeam = E69L87VM48;
						ProvisioningStyle = Automatic;
					};
					1B59CA2D1EC27819007AC4EF = {
						CreatedOnToolsVersion = 8.3.2;
						DevelopmentTeam = E69L87VM48;
						ProvisioningStyle = Automatic;
						TestTargetID = 1B59CA161EC27819007AC4EF;
					};
					1B59CA381EC27819007AC4EF = {
						CreatedOnToolsVersion = 8.3.2;
						DevelopmentTeam = E69L87VM48;
						ProvisioningStyle = Automatic;
						TestTargetID = 1B59CA161EC27819007AC4EF;
					};
				};
			};
			buildConfigurationList = 1B59CA121EC27819007AC4EF /* Build configuration list for PBXProject "IU" */;
			compatibilityVersion = "Xcode 3.2";
			developmentRegion = English;
			hasScannedForEncodings = 0;
			knownRegions = (
				en,
				Base,
			);
			mainGroup = 1B59CA0E1EC27819007AC4EF;
			productRefGroup = 1B59CA181EC27819007AC4EF /* Products */;
			projectDirPath = "";
			projectRoot = "";
			targets = (
				1B59CA161EC27819007AC4EF /* IU */,
				1B59CA2D1EC27819007AC4EF /* IUTests */,
				1B59CA381EC27819007AC4EF /* IUUITests */,
			);
		};
/* End PBXProject section */

/* Begin PBXResourcesBuildPhase section */
		1B59CA151EC27819007AC4EF /* Resources */ = {
			isa = PBXResourcesBuildPhase;
			buildActionMask = 2147483647;
			files = (
				1B59CA281EC27819007AC4EF /* LaunchScreen.storyboard in Resources */,
				1B59CA251EC27819007AC4EF /* Assets.xcassets in Resources */,
				1B59CA201EC27819007AC4EF /* Main.storyboard in Resources */,
			);
			runOnlyForDeploymentPostprocessing = 0;
		};
		1B59CA2C1EC27819007AC4EF /* Resources */ = {
			isa = PBXResourcesBuildPhase;
			buildActionMask = 2147483647;
			files = (
			);
			runOnlyForDeploymentPostprocessing = 0;
		};
		1B59CA371EC27819007AC4EF /* Resources */ = {
			isa = PBXResourcesBuildPhase;
			buildActionMask = 2147483647;
			files = (
			);
			runOnlyForDeploymentPostprocessing = 0;
		};
/* End PBXResourcesBuildPhase section */

/* Begin PBXSourcesBuildPhase section */
		1B59CA131EC27819007AC4EF /* Sources */ = {
			isa = PBXSourcesBuildPhase;
			buildActionMask = 2147483647;
			files = (
				1B59CA231EC27819007AC4EF /* IU.xcdatamodeld in Sources */,
				1B59CA1D1EC27819007AC4EF /* ViewController.swift in Sources */,
				1B59CA1B1EC27819007AC4EF /* AppDelegate.swift in Sources */,
			);
			runOnlyForDeploymentPostprocessing = 0;
		};
		1B59CA2A1EC27819007AC4EF /* Sources */ = {
			isa = PBXSourcesBuildPhase;
			buildActionMask = 2147483647;
			files = (
				1B59CA331EC27819007AC4EF /* IUTests.swift in Sources */,
			);
			runOnlyForDeploymentPostprocessing = 0;
		};
		1B59CA351EC27819007AC4EF /* Sources */ = {
			isa = PBXSourcesBuildPhase;
			buildActionMask = 2147483647;
			files = (
				1B59CA3E1EC27819007AC4EF /* IUUITests.swift in Sources */,
			);
			runOnlyForDeploymentPostprocessing = 0;
		};
/* End PBXSourcesBuildPhase section */

/* Begin PBXTargetDependency section */
		1B59CA301EC27819007AC4EF /* PBXTargetDependency */ = {
			isa = PBXTargetDependency;
			target = 1B59CA161EC27819007AC4EF /* IU */;
			targetProxy = 1B59CA2F1EC27819007AC4EF /* PBXContainerItemProxy */;
		};
		1B59CA3B1EC27819007AC4EF /* PBXTargetDependency */ = {
			isa = PBXTargetDependency;
			target = 1B59CA161EC27819007AC4EF /* IU */;
			targetProxy = 1B59CA3A1EC27819007AC4EF /* PBXContainerItemProxy */;
		};
/* End PBXTargetDependency section */

/* Begin PBXVariantGroup section */
		1B59CA1E1EC27819007AC4EF /* Main.storyboard */ = {
			isa = PBXVariantGroup;
			children = (
				1B59CA1F1EC27819007AC4EF /* Base */,
			);
			name = Main.storyboard;
			sourceTree = "<group>";
		};
		1B59CA261EC27819007AC4EF /* LaunchScreen.storyboard */ = {
			isa = PBXVariantGroup;
			children = (
				1B59CA271EC27819007AC4EF /* Base */,
			);
			name = LaunchScreen.storyboard;
			sourceTree = "<group>";
		};
/* End PBXVariantGroup section */

/* Begin XCBuildConfiguration section */
		1B59CA401EC27819007AC4EF /* Debug */ = {
			isa = XCBuildConfiguration;
			buildSettings = {
				ALWAYS_SEARCH_USER_PATHS = NO;
				CLANG_ANALYZER_NONNULL = YES;
				CLANG_ANALYZER_NUMBER_OBJECT_CONVERSION = YES_AGGRESSIVE;
				CLANG_CXX_LANGUAGE_STANDARD = "gnu++0x";
				CLANG_CXX_LIBRARY = "libc++";
				CLANG_ENABLE_MODULES = YES;
				CLANG_ENABLE_OBJC_ARC = YES;
				CLANG_WARN_BOOL_CONVERSION = YES;
				CLANG_WARN_CONSTANT_CONVERSION = YES;
				CLANG_WARN_DIRECT_OBJC_ISA_USAGE = YES_ERROR;
				CLANG_WARN_DOCUMENTATION_COMMENTS = YES;
				CLANG_WARN_EMPTY_BODY = YES;
				CLANG_WARN_ENUM_CONVERSION = YES;
				CLANG_WARN_INFINITE_RECURSION = YES;
				CLANG_WARN_INT_CONVERSION = YES;
				CLANG_WARN_OBJC_ROOT_CLASS = YES_ERROR;
				CLANG_WARN_SUSPICIOUS_MOVE = YES;
				CLANG_WARN_UNREACHABLE_CODE = YES;
				CLANG_WARN__DUPLICATE_METHOD_MATCH = YES;
				"CODE_SIGN_IDENTITY[sdk=iphoneos*]" = "iPhone Developer";
				COPY_PHASE_STRIP = NO;
				DEBUG_INFORMATION_FORMAT = dwarf;
				ENABLE_STRICT_OBJC_MSGSEND = YES;
				ENABLE_TESTABILITY = YES;
				GCC_C_LANGUAGE_STANDARD = gnu99;
				GCC_DYNAMIC_NO_PIC = NO;
				GCC_NO_COMMON_BLOCKS = YES;
				GCC_OPTIMIZATION_LEVEL = 0;
				GCC_PREPROCESSOR_DEFINITIONS = (
					"DEBUG=1",
					"$(inherited)",
				);
				GCC_WARN_64_TO_32_BIT_CONVERSION = YES;
				GCC_WARN_ABOUT_RETURN_TYPE = YES_ERROR;
				GCC_WARN_UNDECLARED_SELECTOR = YES;
				GCC_WARN_UNINITIALIZED_AUTOS = YES_AGGRESSIVE;
				GCC_WARN_UNUSED_FUNCTION = YES;
				GCC_WARN_UNUSED_VARIABLE = YES;
				IPHONEOS_DEPLOYMENT_TARGET = 10.3;
				MTL_ENABLE_DEBUG_INFO = YES;
				ONLY_ACTIVE_ARCH = YES;
				SDKROOT = iphoneos;
				SWIFT_ACTIVE_COMPILATION_CONDITIONS = DEBUG;
				SWIFT_OPTIMIZATION_LEVEL = "-Onone";
			};
			name = Debug;
		};
		1B59CA411EC27819007AC4EF /* Release */ = {
			isa = XCBuildConfiguration;
			buildSettings = {
				ALWAYS_SEARCH_USER_PATHS = NO;
				CLANG_ANALYZER_NONNULL = YES;
				CLANG_ANALYZER_NUMBER_OBJECT_CONVERSION = YES_AGGRESSIVE;
				CLANG_CXX_LANGUAGE_STANDARD = "gnu++0x";
				CLANG_CXX_LIBRARY = "libc++";
				CLANG_ENABLE_MODULES = YES;
				CLANG_ENABLE_OBJC_ARC = YES;
				CLANG_WARN_BOOL_CONVERSION = YES;
				CLANG_WARN_CONSTANT_CONVERSION = YES;
				CLANG_WARN_DIRECT_OBJC_ISA_USAGE = YES_ERROR;
				CLANG_WARN_DOCUMENTATION_COMMENTS = YES;
				CLANG_WARN_EMPTY_BODY = YES;
				CLANG_WARN_ENUM_CONVERSION = YES;
				CLANG_WARN_INFINITE_RECURSION = YES;
				CLANG_WARN_INT_CONVERSION = YES;
				CLANG_WARN_OBJC_ROOT_CLASS = YES_ERROR;
				CLANG_WARN_SUSPICIOUS_MOVE = YES;
				CLANG_WARN_UNREACHABLE_CODE = YES;
				CLANG_WARN__DUPLICATE_METHOD_MATCH = YES;
				"CODE_SIGN_IDENTITY[sdk=iphoneos*]" = "iPhone Developer";
				COPY_PHASE_STRIP = NO;
				DEBUG_INFORMATION_FORMAT = "dwarf-with-dsym";
				ENABLE_NS_ASSERTIONS = NO;
				ENABLE_STRICT_OBJC_MSGSEND = YES;
				GCC_C_LANGUAGE_STANDARD = gnu99;
				GCC_NO_COMMON_BLOCKS = YES;
				GCC_WARN_64_TO_32_BIT_CONVERSION = YES;
				GCC_WARN_ABOUT_RETURN_TYPE = YES_ERROR;
				GCC_WARN_UNDECLARED_SELECTOR = YES;
				GCC_WARN_UNINITIALIZED_AUTOS = YES_AGGRESSIVE;
				GCC_WARN_UNUSED_FUNCTION = YES;
				GCC_WARN_UNUSED_VARIABLE = YES;
				IPHONEOS_DEPLOYMENT_TARGET = 10.3;
				MTL_ENABLE_DEBUG_INFO = NO;
				SDKROOT = iphoneos;
				SWIFT_OPTIMIZATION_LEVEL = "-Owholemodule";
				VALIDATE_PRODUCT = YES;
			};
			name = Release;
		};
		1B59CA431EC27819007AC4EF /* Debug */ = {
			isa = XCBuildConfiguration;
			buildSettings = {
				ASSETCATALOG_COMPILER_APPICON_NAME = AppIcon;
				DEVELOPMENT_TEAM = E69L87VM48;
				INFOPLIST_FILE = IU/Info.plist;
				LD_RUNPATH_SEARCH_PATHS = "$(inherited) @executable_path/Frameworks";
				PRODUCT_BUNDLE_IDENTIFIER = purdue.IU;
				PRODUCT_NAME = "$(TARGET_NAME)";
				SWIFT_VERSION = 3.0;
			};
			name = Debug;
		};
		1B59CA441EC27819007AC4EF /* Release */ = {
			isa = XCBuildConfiguration;
			buildSettings = {
				ASSETCATALOG_COMPILER_APPICON_NAME = AppIcon;
				DEVELOPMENT_TEAM = E69L87VM48;
				INFOPLIST_FILE = IU/Info.plist;
				LD_RUNPATH_SEARCH_PATHS = "$(inherited) @executable_path/Frameworks";
				PRODUCT_BUNDLE_IDENTIFIER = purdue.IU;
				PRODUCT_NAME = "$(TARGET_NAME)";
				SWIFT_VERSION = 3.0;
			};
			name = Release;
		};
		1B59CA461EC27819007AC4EF /* Debug */ = {
			isa = XCBuildConfiguration;
			buildSettings = {
				ALWAYS_EMBED_SWIFT_STANDARD_LIBRARIES = YES;
				BUNDLE_LOADER = "$(TEST_HOST)";
				DEVELOPMENT_TEAM = E69L87VM48;
				INFOPLIST_FILE = IUTests/Info.plist;
				LD_RUNPATH_SEARCH_PATHS = "$(inherited) @executable_path/Frameworks @loader_path/Frameworks";
				PRODUCT_BUNDLE_IDENTIFIER = purdue.IUTests;
				PRODUCT_NAME = "$(TARGET_NAME)";
				SWIFT_VERSION = 3.0;
				TEST_HOST = "$(BUILT_PRODUCTS_DIR)/IU.app/IU";
			};
			name = Debug;
		};
		1B59CA471EC27819007AC4EF /* Release */ = {
			isa = XCBuildConfiguration;
			buildSettings = {
				ALWAYS_EMBED_SWIFT_STANDARD_LIBRARIES = YES;
				BUNDLE_LOADER = "$(TEST_HOST)";
				DEVELOPMENT_TEAM = E69L87VM48;
				INFOPLIST_FILE = IUTests/Info.plist;
				LD_RUNPATH_SEARCH_PATHS = "$(inherited) @executable_path/Frameworks @loader_path/Frameworks";
				PRODUCT_BUNDLE_IDENTIFIER = purdue.IUTests;
				PRODUCT_NAME = "$(TARGET_NAME)";
				SWIFT_VERSION = 3.0;
				TEST_HOST = "$(BUILT_PRODUCTS_DIR)/IU.app/IU";
			};
			name = Release;
		};
		1B59CA491EC27819007AC4EF /* Debug */ = {
			isa = XCBuildConfiguration;
			buildSettings = {
				ALWAYS_EMBED_SWIFT_STANDARD_LIBRARIES = YES;
				DEVELOPMENT_TEAM = E69L87VM48;
				INFOPLIST_FILE = IUUITests/Info.plist;
				LD_RUNPATH_SEARCH_PATHS = "$(inherited) @executable_path/Frameworks @loader_path/Frameworks";
				PRODUCT_BUNDLE_IDENTIFIER = purdue.IUUITests;
				PRODUCT_NAME = "$(TARGET_NAME)";
				SWIFT_VERSION = 3.0;
				TEST_TARGET_NAME = IU;
			};
			name = Debug;
		};
		1B59CA4A1EC27819007AC4EF /* Release */ = {
			isa = XCBuildConfiguration;
			buildSettings = {
				ALWAYS_EMBED_SWIFT_STANDARD_LIBRARIES = YES;
				DEVELOPMENT_TEAM = E69L87VM48;
				INFOPLIST_FILE = IUUITests/Info.plist;
				LD_RUNPATH_SEARCH_PATHS = "$(inherited) @executable_path/Frameworks @loader_path/Frameworks";
				PRODUCT_BUNDLE_IDENTIFIER = purdue.IUUITests;
				PRODUCT_NAME = "$(TARGET_NAME)";
				SWIFT_VERSION = 3.0;
				TEST_TARGET_NAME = IU;
			};
			name = Release;
		};
/* End XCBuildConfiguration section */

/* Begin XCConfigurationList section */
		1B59CA121EC27819007AC4EF /* Build configuration list for PBXProject "IU" */ = {
			isa = XCConfigurationList;
			buildConfigurations = (
				1B59CA401EC27819007AC4EF /* Debug */,
				1B59CA411EC27819007AC4EF /* Release */,
			);
			defaultConfigurationIsVisible = 0;
			defaultConfigurationName = Release;
		};
		1B59CA421EC27819007AC4EF /* Build configuration list for PBXNativeTarget "IU" */ = {
			isa = XCConfigurationList;
			buildConfigurations = (
				1B59CA431EC27819007AC4EF /* Debug */,
				1B59CA441EC27819007AC4EF /* Release */,
			);
			defaultConfigurationIsVisible = 0;
		};
		1B59CA451EC27819007AC4EF /* Build configuration list for PBXNativeTarget "IUTests" */ = {
			isa = XCConfigurationList;
			buildConfigurations = (
				1B59CA461EC27819007AC4EF /* Debug */,
				1B59CA471EC27819007AC4EF /* Release */,
			);
			defaultConfigurationIsVisible = 0;
		};
		1B59CA481EC27819007AC4EF /* Build configuration list for PBXNativeTarget "IUUITests" */ = {
			isa = XCConfigurationList;
			buildConfigurations = (
				1B59CA491EC27819007AC4EF /* Debug */,
				1B59CA4A1EC27819007AC4EF /* Release */,
			);
			defaultConfigurationIsVisible = 0;
		};
/* End XCConfigurationList section */

/* Begin XCVersionGroup section */
		1B59CA211EC27819007AC4EF /* IU.xcdatamodeld */ = {
			isa = XCVersionGroup;
			children = (
				1B59CA221EC27819007AC4EF /* IU.xcdatamodel */,
			);
			currentVersion = 1B59CA221EC27819007AC4EF /* IU.xcdatamodel */;
			path = IU.xcdatamodeld;
			sourceTree = "<group>";
			versionGroupType = wrapper.xcdatamodel;
		};
/* End XCVersionGroup section */
	};
	rootObject = 1B59CA0F1EC27819007AC4EF /* Project object */;
}
